
Microsoft Visual Studio Solution File, Format Version 12.00
# Visual Studio Version 16
VisualStudioVersion = 16.0.29728.190
MinimumVisualStudioVersion = 10.0.40219.1
Project("{FAE04EC0-301F-11D3-BF4B-00C04F79EFBC}") = "Client", "Client\Client.csproj", "{CE331BF0-3606-4FCA-AA82-4DE4EF2E436B}"
EndProject
Project("{FAE04EC0-301F-11D3-BF4B-00C04F79EFBC}") = "Server", "Server\Server.csproj", "{6D0AC475-725F-4218-BAF4-C34E924ECD40}"
EndProject
Global
	GlobalSection(SolutionConfigurationPlatforms) = preSolution
		Debug|Any CPU = Debug|Any CPU
		Release|Any CPU = Release|Any CPU
	EndGlobalSection
	GlobalSection(ProjectConfigurationPlatforms) = postSolution
		{CE331BF0-3606-4FCA-AA82-4DE4EF2E436B}.Debug|Any CPU.ActiveCfg = Debug|Any CPU
		{CE331BF0-3606-4FCA-AA82-4DE4EF2E436B}.Debug|Any CPU.Build.0 = Debug|Any CPU
		{CE331BF0-3606-4FCA-AA82-4DE4EF2E436B}.Release|Any CPU.ActiveCfg = Release|Any CPU
		{CE331BF0-3606-4FCA-AA82-4DE4EF2E436B}.Release|Any CPU.Build.0 = Release|Any CPU
		{6D0AC475-725F-4218-BAF4-C34E924ECD40}.Debug|Any CPU.ActiveCfg = Debug|Any CPU
		{6D0AC475-725F-4218-BAF4-C34E924ECD40}.Debug|Any CPU.Build.0 = Debug|Any CPU
		{6D0AC475-725F-4218-BAF4-C34E924ECD40}.Release|Any CPU.ActiveCfg = Release|Any CPU
		{6D0AC475-725F-4218-BAF4-C34E924ECD40}.Release|Any CPU.Build.0 = Release|Any CPU
	EndGlobalSection
	GlobalSection(SolutionProperties) = preSolution
		HideSolutionNode = FALSE
	EndGlobalSection
	GlobalSection(ExtensibilityGlobals) = postSolution
		SolutionGuid = {7DFD80CB-BA99-4C84-859C-2A7D4AFDF803}
	EndGlobalSection
EndGlobal
