
Microsoft Visual Studio Solution File, Format Version 12.00
# Visual Studio Version 16
VisualStudioVersion = 16.0.29728.190
MinimumVisualStudioVersion = 10.0.40219.1
Project("{FAE04EC0-301F-11D3-BF4B-00C04F79EFBC}") = "sendRecieve", "sendRecieve\sendRecieve.csproj", "{C46F3C74-28F0-41F5-9368-5D06058FBC7B}"
EndProject
Global
	GlobalSection(SolutionConfigurationPlatforms) = preSolution
		Debug|Any CPU = Debug|Any CPU
		Release|Any CPU = Release|Any CPU
	EndGlobalSection
	GlobalSection(ProjectConfigurationPlatforms) = postSolution
		{C46F3C74-28F0-41F5-9368-5D06058FBC7B}.Debug|Any CPU.ActiveCfg = Debug|Any CPU
		{C46F3C74-28F0-41F5-9368-5D06058FBC7B}.Debug|Any CPU.Build.0 = Debug|Any CPU
		{C46F3C74-28F0-41F5-9368-5D06058FBC7B}.Release|Any CPU.ActiveCfg = Release|Any CPU
		{C46F3C74-28F0-41F5-9368-5D06058FBC7B}.Release|Any CPU.Build.0 = Release|Any CPU
	EndGlobalSection
	GlobalSection(SolutionProperties) = preSolution
		HideSolutionNode = FALSE
	EndGlobalSection
	GlobalSection(ExtensibilityGlobals) = postSolution
		SolutionGuid = {47C8B90F-545A-43EC-A7C1-5BFDC67B1BF2}
	EndGlobalSection
EndGlobal
